
Microsoft Visual Studio Solution File, Format Version 12.00
Project("{FAE04EC0-301F-11D3-BF4B-00C04F79EFBC}") = "DF.OrderService.API", "DF.OrderService.API\DF.OrderService.API.csproj", "{5A81B3C6-C085-450E-BE46-43F52FCF410B}"
EndProject
Project("{2150E333-8FDC-42A3-9474-1A3956D46DE8}") = "Solution Items", "Solution Items", "{B4EBAF1E-A57A-4FBA-89AC-98EE2E95F38A}"
	ProjectSection(SolutionItems) = preProject
		compose.yaml = compose.yaml
	EndProjectSection
EndProject
Project("{FAE04EC0-301F-11D3-BF4B-00C04F79EFBC}") = "DF.OrderService.Application", "DF.OrderService.Application\DF.OrderService.Application.csproj", "{565B78D1-F2FD-440D-B9F6-B2AC73B217C7}"
EndProject
Project("{FAE04EC0-301F-11D3-BF4B-00C04F79EFBC}") = "DF.OrderService.Domain", "DF.OrderService.Domain\DF.OrderService.Domain.csproj", "{A77A9A40-9E5A-472A-B47B-54D16FBF5EB4}"
EndProject
Project("{FAE04EC0-301F-11D3-BF4B-00C04F79EFBC}") = "DF.OrderService.Infrastructure", "DF.OrderService.Infrastructure\DF.OrderService.Infrastructure.csproj", "{3065655A-39BA-4DC2-82B4-7B9A863604C1}"
EndProject
Project("{FAE04EC0-301F-11D3-BF4B-00C04F79EFBC}") = "DF.OrderService.Contracts", "DF.OrderService.Contracts\DF.OrderService.Contracts.csproj", "{F842210F-DF03-47B7-9C29-3EFF93EB9F06}"
EndProject
Global
	GlobalSection(SolutionConfigurationPlatforms) = preSolution
		Debug|Any CPU = Debug|Any CPU
		Release|Any CPU = Release|Any CPU
	EndGlobalSection
	GlobalSection(ProjectConfigurationPlatforms) = postSolution
		{5A81B3C6-C085-450E-BE46-43F52FCF410B}.Debug|Any CPU.ActiveCfg = Debug|Any CPU
		{5A81B3C6-C085-450E-BE46-43F52FCF410B}.Debug|Any CPU.Build.0 = Debug|Any CPU
		{5A81B3C6-C085-450E-BE46-43F52FCF410B}.Release|Any CPU.ActiveCfg = Release|Any CPU
		{5A81B3C6-C085-450E-BE46-43F52FCF410B}.Release|Any CPU.Build.0 = Release|Any CPU
		{565B78D1-F2FD-440D-B9F6-B2AC73B217C7}.Debug|Any CPU.ActiveCfg = Debug|Any CPU
		{565B78D1-F2FD-440D-B9F6-B2AC73B217C7}.Debug|Any CPU.Build.0 = Debug|Any CPU
		{565B78D1-F2FD-440D-B9F6-B2AC73B217C7}.Release|Any CPU.ActiveCfg = Release|Any CPU
		{565B78D1-F2FD-440D-B9F6-B2AC73B217C7}.Release|Any CPU.Build.0 = Release|Any CPU
		{A77A9A40-9E5A-472A-B47B-54D16FBF5EB4}.Debug|Any CPU.ActiveCfg = Debug|Any CPU
		{A77A9A40-9E5A-472A-B47B-54D16FBF5EB4}.Debug|Any CPU.Build.0 = Debug|Any CPU
		{A77A9A40-9E5A-472A-B47B-54D16FBF5EB4}.Release|Any CPU.ActiveCfg = Release|Any CPU
		{A77A9A40-9E5A-472A-B47B-54D16FBF5EB4}.Release|Any CPU.Build.0 = Release|Any CPU
		{3065655A-39BA-4DC2-82B4-7B9A863604C1}.Debug|Any CPU.ActiveCfg = Debug|Any CPU
		{3065655A-39BA-4DC2-82B4-7B9A863604C1}.Debug|Any CPU.Build.0 = Debug|Any CPU
		{3065655A-39BA-4DC2-82B4-7B9A863604C1}.Release|Any CPU.ActiveCfg = Release|Any CPU
		{3065655A-39BA-4DC2-82B4-7B9A863604C1}.Release|Any CPU.Build.0 = Release|Any CPU
		{F842210F-DF03-47B7-9C29-3EFF93EB9F06}.Debug|Any CPU.ActiveCfg = Debug|Any CPU
		{F842210F-DF03-47B7-9C29-3EFF93EB9F06}.Debug|Any CPU.Build.0 = Debug|Any CPU
		{F842210F-DF03-47B7-9C29-3EFF93EB9F06}.Release|Any CPU.ActiveCfg = Release|Any CPU
		{F842210F-DF03-47B7-9C29-3EFF93EB9F06}.Release|Any CPU.Build.0 = Release|Any CPU
	EndGlobalSection
EndGlobal
