
Microsoft Visual Studio Solution File, Format Version 12.00
Project("{FAE04EC0-301F-11D3-BF4B-00C04F79EFBC}") = "DF.Gateway.API", "DF.Gateway.API\DF.Gateway.API.csproj", "{7723E9D2-BA42-4B44-B47D-5ACA46D5EB53}"
EndProject
Project("{2150E333-8FDC-42A3-9474-1A3956D46DE8}") = "Solution Items", "Solution Items", "{B61BD04F-B857-43FF-8279-E5CCAF5A3923}"
	ProjectSection(SolutionItems) = preProject
		compose.yaml = compose.yaml
	EndProjectSection
EndProject
Global
	GlobalSection(SolutionConfigurationPlatforms) = preSolution
		Debug|Any CPU = Debug|Any CPU
		Release|Any CPU = Release|Any CPU
	EndGlobalSection
	GlobalSection(ProjectConfigurationPlatforms) = postSolution
		{7723E9D2-BA42-4B44-B47D-5ACA46D5EB53}.Debug|Any CPU.ActiveCfg = Debug|Any CPU
		{7723E9D2-BA42-4B44-B47D-5ACA46D5EB53}.Debug|Any CPU.Build.0 = Debug|Any CPU
		{7723E9D2-BA42-4B44-B47D-5ACA46D5EB53}.Release|Any CPU.ActiveCfg = Release|Any CPU
		{7723E9D2-BA42-4B44-B47D-5ACA46D5EB53}.Release|Any CPU.Build.0 = Release|Any CPU
	EndGlobalSection
EndGlobal
